
Microsoft Visual Studio Solution File, Format Version 12.00
# Visual Studio Version 17
VisualStudioVersion = 17.8.34309.116
MinimumVisualStudioVersion = 10.0.40219.1
Project("{9A19103F-16F7-4668-BE54-9A1E7A4F7556}") = "MusicCard", "MusicCard\MusicCard.csproj", "{50FD5D37-6994-427D-A7A6-7FA663C4B644}"
EndProject
Global
	GlobalSection(SolutionConfigurationPlatforms) = preSolution
		Debug|Any CPU = Debug|Any CPU
		Release|Any CPU = Release|Any CPU
	EndGlobalSection
	GlobalSection(ProjectConfigurationPlatforms) = postSolution
		{50FD5D37-6994-427D-A7A6-7FA663C4B644}.Debug|Any CPU.ActiveCfg = Debug|Any CPU
		{50FD5D37-6994-427D-A7A6-7FA663C4B644}.Debug|Any CPU.Build.0 = Debug|Any CPU
		{50FD5D37-6994-427D-A7A6-7FA663C4B644}.Release|Any CPU.ActiveCfg = Release|Any CPU
		{50FD5D37-6994-427D-A7A6-7FA663C4B644}.Release|Any CPU.Build.0 = Release|Any CPU
	EndGlobalSection
	GlobalSection(SolutionProperties) = preSolution
		HideSolutionNode = FALSE
	EndGlobalSection
	GlobalSection(ExtensibilityGlobals) = postSolution
		SolutionGuid = {8EFA44BC-1DE5-4A15-8A21-DDDED9F44500}
	EndGlobalSection
EndGlobal
